// !$*UTF8*$!
{
	archiveVersion = 1;
	classes = {
	};
	objectVersion = 50;
	objects = {

/* Begin PBXBuildFile section */
		3AD4B7FD21C32B7700556DEB /* AppDelegate.swift in Sources */ = {isa = PBXBuildFile; fileRef = 3AD4B7FC21C32B7700556DEB /* AppDelegate.swift */; };
		3AD4B7FF21C32B7700556DEB /* ViewController.swift in Sources */ = {isa = PBXBuildFile; fileRef = 3AD4B7FE21C32B7700556DEB /* ViewController.swift */; };
		3AD4B80221C32B7700556DEB /* Main.storyboard in Resources */ = {isa = PBXBuildFile; fileRef = 3AD4B80021C32B7700556DEB /* Main.storyboard */; };
		3AD4B80521C32B7700556DEB /* ios_final.xcdatamodeld in Sources */ = {isa = PBXBuildFile; fileRef = 3AD4B80321C32B7700556DEB /* ios_final.xcdatamodeld */; };
		3AD4B80721C32B7A00556DEB /* Assets.xcassets in Resources */ = {isa = PBXBuildFile; fileRef = 3AD4B80621C32B7A00556DEB /* Assets.xcassets */; };
		3AD4B80A21C32B7A00556DEB /* LaunchScreen.storyboard in Resources */ = {isa = PBXBuildFile; fileRef = 3AD4B80821C32B7A00556DEB /* LaunchScreen.storyboard */; };
/* End PBXBuildFile section */

/* Begin PBXFileReference section */
		3AD4B7F921C32B7700556DEB /* ios final.app */ = {isa = PBXFileReference; explicitFileType = wrapper.application; includeInIndex = 0; path = "ios final.app"; sourceTree = BUILT_PRODUCTS_DIR; };
		3AD4B7FC21C32B7700556DEB /* AppDelegate.swift */ = {isa = PBXFileReference; lastKnownFileType = sourcecode.swift; path = AppDelegate.swift; sourceTree = "<group>"; };
		3AD4B7FE21C32B7700556DEB /* ViewController.swift */ = {isa = PBXFileReference; lastKnownFileType = sourcecode.swift; path = ViewController.swift; sourceTree = "<group>"; };
		3AD4B80121C32B7700556DEB /* Base */ = {isa = PBXFileReference; lastKnownFileType = file.storyboard; name = Base; path = Base.lproj/Main.storyboard; sourceTree = "<group>"; };
		3AD4B80421C32B7700556DEB /* ios_final.xcdatamodel */ = {isa = PBXFileReference; lastKnownFileType = wrapper.xcdatamodel; path = ios_final.xcdatamodel; sourceTree = "<group>"; };
		3AD4B80621C32B7A00556DEB /* Assets.xcassets */ = {isa = PBXFileReference; lastKnownFileType = folder.assetcatalog; path = Assets.xcassets; sourceTree = "<group>"; };
		3AD4B80921C32B7A00556DEB /* Base */ = {isa = PBXFileReference; lastKnownFileType = file.storyboard; name = Base; path = Base.lproj/LaunchScreen.storyboard; sourceTree = "<group>"; };
		3AD4B80B21C32B7A00556DEB /* Info.plist */ = {isa = PBXFileReference; lastKnownFileType = text.plist.xml; path = Info.plist; sourceTree = "<group>"; };
/* End PBXFileReference section */

/* Begin PBXFrameworksBuildPhase section */
		3AD4B7F621C32B7700556DEB /* Frameworks */ = {
			isa = PBXFrameworksBuildPhase;
			buildActionMask = 2147483647;
			files = (
			);
			runOnlyForDeploymentPostprocessing = 0;
		};
/* End PBXFrameworksBuildPhase section */

/* Begin PBXGroup section */
		3AD4B7F021C32B7700556DEB = {
			isa = PBXGroup;
			children = (
				3AD4B7FB21C32B7700556DEB /* ios final */,
				3AD4B7FA21C32B7700556DEB /* Products */,
			);
			sourceTree = "<group>";
		};
		3AD4B7FA21C32B7700556DEB /* Products */ = {
			isa = PBXGroup;
			children = (
				3AD4B7F921C32B7700556DEB /* ios final.app */,
			);
			name = Products;
			sourceTree = "<group>";
		};
		3AD4B7FB21C32B7700556DEB /* ios final */ = {
			isa = PBXGroup;
			children = (
				3AD4B7FC21C32B7700556DEB /* AppDelegate.swift */,
				3AD4B7FE21C32B7700556DEB /* ViewController.swift */,
				3AD4B80021C32B7700556DEB /* Main.storyboard */,
				3AD4B80621C32B7A00556DEB /* Assets.xcassets */,
				3AD4B80821C32B7A00556DEB /* LaunchScreen.storyboard */,
				3AD4B80B21C32B7A00556DEB /* Info.plist */,
				3AD4B80321C32B7700556DEB /* ios_final.xcdatamodeld */,
			);
			path = "ios final";
			sourceTree = "<group>";
		};
/* End PBXGroup section */

/* Begin PBXNativeTarget section */
		3AD4B7F821C32B7700556DEB /* ios final */ = {
			isa = PBXNativeTarget;
			buildConfigurationList = 3AD4B80E21C32B7A00556DEB /* Build configuration list for PBXNativeTarget "ios final" */;
			buildPhases = (
				3AD4B7F521C32B7700556DEB /* Sources */,
				3AD4B7F621C32B7700556DEB /* Frameworks */,
				3AD4B7F721C32B7700556DEB /* Resources */,
			);
			buildRules = (
			);
			dependencies = (
			);
			name = "ios final";
			productName = "ios final";
			productReference = 3AD4B7F921C32B7700556DEB /* ios final.app */;
			productType = "com.apple.product-type.application";
		};
/* End PBXNativeTarget section */

/* Begin PBXProject section */
		3AD4B7F121C32B7700556DEB /* Project object */ = {
			isa = PBXProject;
			attributes = {
				LastSwiftUpdateCheck = 0940;
				LastUpgradeCheck = 0940;
				ORGANIZATIONNAME = "Dyana George";
				TargetAttributes = {
					3AD4B7F821C32B7700556DEB = {
						CreatedOnToolsVersion = 9.4.1;
					};
				};
			};
			buildConfigurationList = 3AD4B7F421C32B7700556DEB /* Build configuration list for PBXProject "ios final" */;
			compatibilityVersion = "Xcode 9.3";
			developmentRegion = en;
			hasScannedForEncodings = 0;
			knownRegions = (
				en,
				Base,
			);
			mainGroup = 3AD4B7F021C32B7700556DEB;
			productRefGroup = 3AD4B7FA21C32B7700556DEB /* Products */;
			projectDirPath = "";
			projectRoot = "";
			targets = (
				3AD4B7F821C32B7700556DEB /* ios final */,
			);
		};
/* End PBXProject section */

/* Begin PBXResourcesBuildPhase section */
		3AD4B7F721C32B7700556DEB /* Resources */ = {
			isa = PBXResourcesBuildPhase;
			buildActionMask = 2147483647;
			files = (
				3AD4B80A21C32B7A00556DEB /* LaunchScreen.storyboard in Resources */,
				3AD4B80721C32B7A00556DEB /* Assets.xcassets in Resources */,
				3AD4B80221C32B7700556DEB /* Main.storyboard in Resources */,
			);
			runOnlyForDeploymentPostprocessing = 0;
		};
/* End PBXResourcesBuildPhase section */

/* Begin PBXSourcesBuildPhase section */
		3AD4B7F521C32B7700556DEB /* Sources */ = {
			isa = PBXSourcesBuildPhase;
			buildActionMask = 2147483647;
			files = (
				3AD4B80521C32B7700556DEB /* ios_final.xcdatamodeld in Sources */,
				3AD4B7FF21C32B7700556DEB /* ViewController.swift in Sources */,
				3AD4B7FD21C32B7700556DEB /* AppDelegate.swift in Sources */,
			);
			runOnlyForDeploymentPostprocessing = 0;
		};
/* End PBXSourcesBuildPhase section */

/* Begin PBXVariantGroup section */
		3AD4B80021C32B7700556DEB /* Main.storyboard */ = {
			isa = PBXVariantGroup;
			children = (
				3AD4B80121C32B7700556DEB /* Base */,
			);
			name = Main.storyboard;
			sourceTree = "<group>";
		};
		3AD4B80821C32B7A00556DEB /* LaunchScreen.storyboard */ = {
			isa = PBXVariantGroup;
			children = (
				3AD4B80921C32B7A00556DEB /* Base */,
			);
			name = LaunchScreen.storyboard;
			sourceTree = "<group>";
		};
/* End PBXVariantGroup section */

/* Begin XCBuildConfiguration section */
		3AD4B80C21C32B7A00556DEB /* Debug */ = {
			isa = XCBuildConfiguration;
			buildSettings = {
				ALWAYS_SEARCH_USER_PATHS = NO;
				CLANG_ANALYZER_NONNULL = YES;
				CLANG_ANALYZER_NUMBER_OBJECT_CONVERSION = YES_AGGRESSIVE;
				CLANG_CXX_LANGUAGE_STANDARD = "gnu++14";
				CLANG_CXX_LIBRARY = "libc++";
				CLANG_ENABLE_MODULES = YES;
				CLANG_ENABLE_OBJC_ARC = YES;
				CLANG_ENABLE_OBJC_WEAK = YES;
				CLANG_WARN_BLOCK_CAPTURE_AUTORELEASING = YES;
				CLANG_WARN_BOOL_CONVERSION = YES;
				CLANG_WARN_COMMA = YES;
				CLANG_WARN_CONSTANT_CONVERSION = YES;
				CLANG_WARN_DEPRECATED_OBJC_IMPLEMENTATIONS = YES;
				CLANG_WARN_DIRECT_OBJC_ISA_USAGE = YES_ERROR;
				CLANG_WARN_DOCUMENTATION_COMMENTS = YES;
				CLANG_WARN_EMPTY_BODY = YES;
				CLANG_WARN_ENUM_CONVERSION = YES;
				CLANG_WARN_INFINITE_RECURSION = YES;
				CLANG_WARN_INT_CONVERSION = YES;
				CLANG_WARN_NON_LITERAL_NULL_CONVERSION = YES;
				CLANG_WARN_OBJC_IMPLICIT_RETAIN_SELF = YES;
				CLANG_WARN_OBJC_LITERAL_CONVERSION = YES;
				CLANG_WARN_OBJC_ROOT_CLASS = YES_ERROR;
				CLANG_WARN_RANGE_LOOP_ANALYSIS = YES;
				CLANG_WARN_STRICT_PROTOTYPES = YES;
				CLANG_WARN_SUSPICIOUS_MOVE = YES;
				CLANG_WARN_UNGUARDED_AVAILABILITY = YES_AGGRESSIVE;
				CLANG_WARN_UNREACHABLE_CODE = YES;
				CLANG_WARN__DUPLICATE_METHOD_MATCH = YES;
				CODE_SIGN_IDENTITY = "iPhone Developer";
				COPY_PHASE_STRIP = NO;
				DEBUG_INFORMATION_FORMAT = dwarf;
				ENABLE_STRICT_OBJC_MSGSEND = YES;
				ENABLE_TESTABILITY = YES;
				GCC_C_LANGUAGE_STANDARD = gnu11;
				GCC_DYNAMIC_NO_PIC = NO;
				GCC_NO_COMMON_BLOCKS = YES;
				GCC_OPTIMIZATION_LEVEL = 0;
				GCC_PREPROCESSOR_DEFINITIONS = (
					"DEBUG=1",
					"$(inherited)",
				);
				GCC_WARN_64_TO_32_BIT_CONVERSION = YES;
				GCC_WARN_ABOUT_RETURN_TYPE = YES_ERROR;
				GCC_WARN_UNDECLARED_SELECTOR = YES;
				GCC_WARN_UNINITIALIZED_AUTOS = YES_AGGRESSIVE;
				GCC_WARN_UNUSED_FUNCTION = YES;
				GCC_WARN_UNUSED_VARIABLE = YES;
				IPHONEOS_DEPLOYMENT_TARGET = 11.4;
				MTL_ENABLE_DEBUG_INFO = YES;
				ONLY_ACTIVE_ARCH = YES;
				SDKROOT = iphoneos;
				SWIFT_ACTIVE_COMPILATION_CONDITIONS = DEBUG;
				SWIFT_OPTIMIZATION_LEVEL = "-Onone";
			};
			name = Debug;
		};
		3AD4B80D21C32B7A00556DEB /* Release */ = {
			isa = XCBuildConfiguration;
			buildSettings = {
				ALWAYS_SEARCH_USER_PATHS = NO;
				CLANG_ANALYZER_NONNULL = YES;
				CLANG_ANALYZER_NUMBER_OBJECT_CONVERSION = YES_AGGRESSIVE;
				CLANG_CXX_LANGUAGE_STANDARD = "gnu++14";
				CLANG_CXX_LIBRARY = "libc++";
				CLANG_ENABLE_MODULES = YES;
				CLANG_ENABLE_OBJC_ARC = YES;
				CLANG_ENABLE_OBJC_WEAK = YES;
				CLANG_WARN_BLOCK_CAPTURE_AUTORELEASING = YES;
				CLANG_WARN_BOOL_CONVERSION = YES;
				CLANG_WARN_COMMA = YES;
				CLANG_WARN_CONSTANT_CONVERSION = YES;
				CLANG_WARN_DEPRECATED_OBJC_IMPLEMENTATIONS = YES;
				CLANG_WARN_DIRECT_OBJC_ISA_USAGE = YES_ERROR;
				CLANG_WARN_DOCUMENTATION_COMMENTS = YES;
				CLANG_WARN_EMPTY_BODY = YES;
				CLANG_WARN_ENUM_CONVERSION = YES;
				CLANG_WARN_INFINITE_RECURSION = YES;
				CLANG_WARN_INT_CONVERSION = YES;
				CLANG_WARN_NON_LITERAL_NULL_CONVERSION = YES;
				CLANG_WARN_OBJC_IMPLICIT_RETAIN_SELF = YES;
				CLANG_WARN_OBJC_LITERAL_CONVERSION = YES;
				CLANG_WARN_OBJC_ROOT_CLASS = YES_ERROR;
				CLANG_WARN_RANGE_LOOP_ANALYSIS = YES;
				CLANG_WARN_STRICT_PROTOTYPES = YES;
				CLANG_WARN_SUSPICIOUS_MOVE = YES;
				CLANG_WARN_UNGUARDED_AVAILABILITY = YES_AGGRESSIVE;
				CLANG_WARN_UNREACHABLE_CODE = YES;
				CLANG_WARN__DUPLICATE_METHOD_MATCH = YES;
				CODE_SIGN_IDENTITY = "iPhone Developer";
				COPY_PHASE_STRIP = NO;
				DEBUG_INFORMATION_FORMAT = "dwarf-with-dsym";
				ENABLE_NS_ASSERTIONS = NO;
				ENABLE_STRICT_OBJC_MSGSEND = YES;
				GCC_C_LANGUAGE_STANDARD = gnu11;
				GCC_NO_COMMON_BLOCKS = YES;
				GCC_WARN_64_TO_32_BIT_CONVERSION = YES;
				GCC_WARN_ABOUT_RETURN_TYPE = YES_ERROR;
				GCC_WARN_UNDECLARED_SELECTOR = YES;
				GCC_WARN_UNINITIALIZED_AUTOS = YES_AGGRESSIVE;
				GCC_WARN_UNUSED_FUNCTION = YES;
				GCC_WARN_UNUSED_VARIABLE = YES;
				IPHONEOS_DEPLOYMENT_TARGET = 11.4;
				MTL_ENABLE_DEBUG_INFO = NO;
				SDKROOT = iphoneos;
				SWIFT_COMPILATION_MODE = wholemodule;
				SWIFT_OPTIMIZATION_LEVEL = "-O";
				VALIDATE_PRODUCT = YES;
			};
			name = Release;
		};
		3AD4B80F21C32B7A00556DEB /* Debug */ = {
			isa = XCBuildConfiguration;
			buildSettings = {
				ASSETCATALOG_COMPILER_APPICON_NAME = AppIcon;
				CODE_SIGN_STYLE = Automatic;
				DEVELOPMENT_TEAM = 2BULHRS882;
				INFOPLIST_FILE = "ios final/Info.plist";
				LD_RUNPATH_SEARCH_PATHS = (
					"$(inherited)",
					"@executable_path/Frameworks",
				);
				PRODUCT_BUNDLE_IDENTIFIER = "IOSClass.ios-final";
				PRODUCT_NAME = "$(TARGET_NAME)";
				SWIFT_VERSION = 4.0;
				TARGETED_DEVICE_FAMILY = "1,2";
			};
			name = Debug;
		};
		3AD4B81021C32B7A00556DEB /* Release */ = {
			isa = XCBuildConfiguration;
			buildSettings = {
				ASSETCATALOG_COMPILER_APPICON_NAME = AppIcon;
				CODE_SIGN_STYLE = Automatic;
				DEVELOPMENT_TEAM = 2BULHRS882;
				INFOPLIST_FILE = "ios final/Info.plist";
				LD_RUNPATH_SEARCH_PATHS = (
					"$(inherited)",
					"@executable_path/Frameworks",
				);
				PRODUCT_BUNDLE_IDENTIFIER = "IOSClass.ios-final";
				PRODUCT_NAME = "$(TARGET_NAME)";
				SWIFT_VERSION = 4.0;
				TARGETED_DEVICE_FAMILY = "1,2";
			};
			name = Release;
		};
/* End XCBuildConfiguration section */

/* Begin XCConfigurationList section */
		3AD4B7F421C32B7700556DEB /* Build configuration list for PBXProject "ios final" */ = {
			isa = XCConfigurationList;
			buildConfigurations = (
				3AD4B80C21C32B7A00556DEB /* Debug */,
				3AD4B80D21C32B7A00556DEB /* Release */,
			);
			defaultConfigurationIsVisible = 0;
			defaultConfigurationName = Release;
		};
		3AD4B80E21C32B7A00556DEB /* Build configuration list for PBXNativeTarget "ios final" */ = {
			isa = XCConfigurationList;
			buildConfigurations = (
				3AD4B80F21C32B7A00556DEB /* Debug */,
				3AD4B81021C32B7A00556DEB /* Release */,
			);
			defaultConfigurationIsVisible = 0;
			defaultConfigurationName = Release;
		};
/* End XCConfigurationList section */

/* Begin XCVersionGroup section */
		3AD4B80321C32B7700556DEB /* ios_final.xcdatamodeld */ = {
			isa = XCVersionGroup;
			children = (
				3AD4B80421C32B7700556DEB /* ios_final.xcdatamodel */,
			);
			currentVersion = 3AD4B80421C32B7700556DEB /* ios_final.xcdatamodel */;
			path = ios_final.xcdatamodeld;
			sourceTree = "<group>";
			versionGroupType = wrapper.xcdatamodel;
		};
/* End XCVersionGroup section */
	};
	rootObject = 3AD4B7F121C32B7700556DEB /* Project object */;
}
